
Microsoft Visual Studio Solution File, Format Version 12.00
# Visual Studio Version 17
VisualStudioVersion = 17.14.36603.0 d17.14
MinimumVisualStudioVersion = 10.0.40219.1
Project("{FAE04EC0-301F-11D3-BF4B-00C04F79EFBC}") = "CEITI", "CEITI.csproj", "{DBE95B1E-A49D-419B-8E2E-6D5D2D58F91F}"
EndProject
Global
	GlobalSection(SolutionConfigurationPlatforms) = preSolution
		Debug|Any CPU = Debug|Any CPU
		Release|Any CPU = Release|Any CPU
	EndGlobalSection
	GlobalSection(ProjectConfigurationPlatforms) = postSolution
		{DBE95B1E-A49D-419B-8E2E-6D5D2D58F91F}.Debug|Any CPU.ActiveCfg = Debug|Any CPU
		{DBE95B1E-A49D-419B-8E2E-6D5D2D58F91F}.Debug|Any CPU.Build.0 = Debug|Any CPU
		{DBE95B1E-A49D-419B-8E2E-6D5D2D58F91F}.Release|Any CPU.ActiveCfg = Release|Any CPU
		{DBE95B1E-A49D-419B-8E2E-6D5D2D58F91F}.Release|Any CPU.Build.0 = Release|Any CPU
	EndGlobalSection
	GlobalSection(SolutionProperties) = preSolution
		HideSolutionNode = FALSE
	EndGlobalSection
	GlobalSection(ExtensibilityGlobals) = postSolution
		SolutionGuid = {BE3CA9CE-8834-4407-BAF4-96FB4F41AB93}
	EndGlobalSection
EndGlobal
